
Microsoft Visual Studio Solution File, Format Version 12.00
# Visual Studio 15
VisualStudioVersion = 15.0.26430.12
MinimumVisualStudioVersion = 10.0.40219.1
Project("{FAE04EC0-301F-11D3-BF4B-00C04F79EFBC}") = "NSIExplModule", "NextStarIndustries\NSIExplModule.csproj", "{43FDBC12-2A5F-4FD7-A8A4-F46B840AD91A}"
EndProject
Global
	GlobalSection(SolutionConfigurationPlatforms) = preSolution
		Debug|Any CPU = Debug|Any CPU
		Release|Any CPU = Release|Any CPU
	EndGlobalSection
	GlobalSection(ProjectConfigurationPlatforms) = postSolution
		{43FDBC12-2A5F-4FD7-A8A4-F46B840AD91A}.Debug|Any CPU.ActiveCfg = Debug|Any CPU
		{43FDBC12-2A5F-4FD7-A8A4-F46B840AD91A}.Debug|Any CPU.Build.0 = Debug|Any CPU
		{43FDBC12-2A5F-4FD7-A8A4-F46B840AD91A}.Release|Any CPU.ActiveCfg = Release|Any CPU
		{43FDBC12-2A5F-4FD7-A8A4-F46B840AD91A}.Release|Any CPU.Build.0 = Release|Any CPU
		{C8FAFA5C-D0CD-4EAE-BCD1-6436B1B5E21E}.Debug|Any CPU.ActiveCfg = Debug|Any CPU
		{C8FAFA5C-D0CD-4EAE-BCD1-6436B1B5E21E}.Debug|Any CPU.Build.0 = Debug|Any CPU
		{C8FAFA5C-D0CD-4EAE-BCD1-6436B1B5E21E}.Release|Any CPU.ActiveCfg = Release|Any CPU
		{C8FAFA5C-D0CD-4EAE-BCD1-6436B1B5E21E}.Release|Any CPU.Build.0 = Release|Any CPU
	EndGlobalSection
	GlobalSection(SolutionProperties) = preSolution
		HideSolutionNode = FALSE
	EndGlobalSection
EndGlobal
